
Microsoft Visual Studio Solution File, Format Version 12.00
# Visual Studio Version 17
VisualStudioVersion = 17.7.34018.315
MinimumVisualStudioVersion = 10.0.40219.1
Project("{FAE04EC0-301F-11D3-BF4B-00C04F79EFBC}") = "ConsoleApp2", "ConsoleApp2\ConsoleApp2.csproj", "{A110C1E0-0BCA-4C88-B991-EF806161870C}"
EndProject
Global
	GlobalSection(SolutionConfigurationPlatforms) = preSolution
		Debug|Any CPU = Debug|Any CPU
		Release|Any CPU = Release|Any CPU
	EndGlobalSection
	GlobalSection(ProjectConfigurationPlatforms) = postSolution
		{A110C1E0-0BCA-4C88-B991-EF806161870C}.Debug|Any CPU.ActiveCfg = Debug|Any CPU
		{A110C1E0-0BCA-4C88-B991-EF806161870C}.Debug|Any CPU.Build.0 = Debug|Any CPU
		{A110C1E0-0BCA-4C88-B991-EF806161870C}.Release|Any CPU.ActiveCfg = Release|Any CPU
		{A110C1E0-0BCA-4C88-B991-EF806161870C}.Release|Any CPU.Build.0 = Release|Any CPU
	EndGlobalSection
	GlobalSection(SolutionProperties) = preSolution
		HideSolutionNode = FALSE
	EndGlobalSection
	GlobalSection(ExtensibilityGlobals) = postSolution
		SolutionGuid = {7A309F16-AE90-4AAA-85A3-746CE5A17786}
	EndGlobalSection
EndGlobal
